
Microsoft Visual Studio Solution File, Format Version 12.00
# Visual Studio Version 17
VisualStudioVersion = 17.12.35707.178 d17.12
MinimumVisualStudioVersion = 10.0.40219.1
Project("{FAE04EC0-301F-11D3-BF4B-00C04F79EFBC}") = "Calculator", "Calculator\Calculator.csproj", "{44B015CA-326F-48A2-8EFD-DF0F68E35FF2}"
EndProject
Project("{FAE04EC0-301F-11D3-BF4B-00C04F79EFBC}") = "ConsoleApp", "ConsoleApp\ConsoleApp.csproj", "{D1DDCF7A-2D8B-4DEC-8FE2-C0CFEF19BCDD}"
EndProject
Project("{FAE04EC0-301F-11D3-BF4B-00C04F79EFBC}") = "TestProject", "TestProject\TestProject.csproj", "{CC0C4615-54D3-4A19-9E13-D0AE832E5EB3}"
EndProject
Global
	GlobalSection(SolutionConfigurationPlatforms) = preSolution
		Debug|Any CPU = Debug|Any CPU
		Release|Any CPU = Release|Any CPU
	EndGlobalSection
	GlobalSection(ProjectConfigurationPlatforms) = postSolution
		{44B015CA-326F-48A2-8EFD-DF0F68E35FF2}.Debug|Any CPU.ActiveCfg = Debug|Any CPU
		{44B015CA-326F-48A2-8EFD-DF0F68E35FF2}.Debug|Any CPU.Build.0 = Debug|Any CPU
		{44B015CA-326F-48A2-8EFD-DF0F68E35FF2}.Release|Any CPU.ActiveCfg = Release|Any CPU
		{44B015CA-326F-48A2-8EFD-DF0F68E35FF2}.Release|Any CPU.Build.0 = Release|Any CPU
		{D1DDCF7A-2D8B-4DEC-8FE2-C0CFEF19BCDD}.Debug|Any CPU.ActiveCfg = Debug|Any CPU
		{D1DDCF7A-2D8B-4DEC-8FE2-C0CFEF19BCDD}.Debug|Any CPU.Build.0 = Debug|Any CPU
		{D1DDCF7A-2D8B-4DEC-8FE2-C0CFEF19BCDD}.Release|Any CPU.ActiveCfg = Release|Any CPU
		{D1DDCF7A-2D8B-4DEC-8FE2-C0CFEF19BCDD}.Release|Any CPU.Build.0 = Release|Any CPU
		{CC0C4615-54D3-4A19-9E13-D0AE832E5EB3}.Debug|Any CPU.ActiveCfg = Debug|Any CPU
		{CC0C4615-54D3-4A19-9E13-D0AE832E5EB3}.Debug|Any CPU.Build.0 = Debug|Any CPU
		{CC0C4615-54D3-4A19-9E13-D0AE832E5EB3}.Release|Any CPU.ActiveCfg = Release|Any CPU
		{CC0C4615-54D3-4A19-9E13-D0AE832E5EB3}.Release|Any CPU.Build.0 = Release|Any CPU
	EndGlobalSection
	GlobalSection(SolutionProperties) = preSolution
		HideSolutionNode = FALSE
	EndGlobalSection
EndGlobal
