
Microsoft Visual Studio Solution File, Format Version 12.00
# Visual Studio Version 17
VisualStudioVersion = 17.12.35707.178
MinimumVisualStudioVersion = 10.0.40219.1
Project("{FAE04EC0-301F-11D3-BF4B-00C04F79EFBC}") = "PhoneBook", "PhoneBook\PhoneBook.csproj", "{D78F32C4-D1A6-4B96-8F6D-DF499C4CF5C2}"
EndProject
Project("{FAE04EC0-301F-11D3-BF4B-00C04F79EFBC}") = "ConsoleApp", "ConsoleApp\ConsoleApp.csproj", "{336368FE-C32B-4E96-B190-70915BC78564}"
EndProject
Project("{FAE04EC0-301F-11D3-BF4B-00C04F79EFBC}") = "TestProject", "TestProject\TestProject.csproj", "{84CA94A3-9E6D-4292-A59D-DC3366C95328}"
EndProject
Global
	GlobalSection(SolutionConfigurationPlatforms) = preSolution
		Debug|Any CPU = Debug|Any CPU
		Release|Any CPU = Release|Any CPU
	EndGlobalSection
	GlobalSection(ProjectConfigurationPlatforms) = postSolution
		{D78F32C4-D1A6-4B96-8F6D-DF499C4CF5C2}.Debug|Any CPU.ActiveCfg = Debug|Any CPU
		{D78F32C4-D1A6-4B96-8F6D-DF499C4CF5C2}.Debug|Any CPU.Build.0 = Debug|Any CPU
		{D78F32C4-D1A6-4B96-8F6D-DF499C4CF5C2}.Release|Any CPU.ActiveCfg = Release|Any CPU
		{D78F32C4-D1A6-4B96-8F6D-DF499C4CF5C2}.Release|Any CPU.Build.0 = Release|Any CPU
		{336368FE-C32B-4E96-B190-70915BC78564}.Debug|Any CPU.ActiveCfg = Debug|Any CPU
		{336368FE-C32B-4E96-B190-70915BC78564}.Debug|Any CPU.Build.0 = Debug|Any CPU
		{336368FE-C32B-4E96-B190-70915BC78564}.Release|Any CPU.ActiveCfg = Release|Any CPU
		{336368FE-C32B-4E96-B190-70915BC78564}.Release|Any CPU.Build.0 = Release|Any CPU
		{84CA94A3-9E6D-4292-A59D-DC3366C95328}.Debug|Any CPU.ActiveCfg = Debug|Any CPU
		{84CA94A3-9E6D-4292-A59D-DC3366C95328}.Debug|Any CPU.Build.0 = Debug|Any CPU
		{84CA94A3-9E6D-4292-A59D-DC3366C95328}.Release|Any CPU.ActiveCfg = Release|Any CPU
		{84CA94A3-9E6D-4292-A59D-DC3366C95328}.Release|Any CPU.Build.0 = Release|Any CPU
	EndGlobalSection
	GlobalSection(SolutionProperties) = preSolution
		HideSolutionNode = FALSE
	EndGlobalSection
EndGlobal
